
Microsoft Visual Studio Solution File, Format Version 12.00
# Visual Studio Version 17
VisualStudioVersion = 17.3.32819.101
MinimumVisualStudioVersion = 10.0.40219.1
Project("{9092AA53-FB77-4645-B42D-1CCCA6BD08BD}") = "main", "main\main.njsproj", "{54A271D3-A596-44B0-85B4-73ACCA5EECD9}"
EndProject
Global
	GlobalSection(SolutionConfigurationPlatforms) = preSolution
		Debug|Any CPU = Debug|Any CPU
		Release|Any CPU = Release|Any CPU
	EndGlobalSection
	GlobalSection(ProjectConfigurationPlatforms) = postSolution
		{54A271D3-A596-44B0-85B4-73ACCA5EECD9}.Debug|Any CPU.ActiveCfg = Debug|Any CPU
		{54A271D3-A596-44B0-85B4-73ACCA5EECD9}.Debug|Any CPU.Build.0 = Debug|Any CPU
		{54A271D3-A596-44B0-85B4-73ACCA5EECD9}.Release|Any CPU.ActiveCfg = Release|Any CPU
		{54A271D3-A596-44B0-85B4-73ACCA5EECD9}.Release|Any CPU.Build.0 = Release|Any CPU
	EndGlobalSection
	GlobalSection(SolutionProperties) = preSolution
		HideSolutionNode = FALSE
	EndGlobalSection
	GlobalSection(ExtensibilityGlobals) = postSolution
		SolutionGuid = {E54A5902-EAAC-4F3C-9EB7-EE6427E21C06}
	EndGlobalSection
EndGlobal
